// !$*UTF8*$!
{
	archiveVersion = 1;
	classes = {
	};
	objectVersion = 56;
	objects = {

/* Begin PBXBuildFile section */
		B10000000000000000000001 /* GirlfriendCameraApp.swift in Sources */ = {isa = PBXBuildFile; fileRef = F10000000000000000000001 /* GirlfriendCameraApp.swift */; };
		B10000000000000000000002 /* CameraController.swift in Sources */ = {isa = PBXBuildFile; fileRef = F10000000000000000000002 /* CameraController.swift */; };
		B10000000000000000000003 /* CameraPreviewView.swift in Sources */ = {isa = PBXBuildFile; fileRef = F10000000000000000000003 /* CameraPreviewView.swift */; };
		B10000000000000000000004 /* FaceDetectionService.swift in Sources */ = {isa = PBXBuildFile; fileRef = F10000000000000000000004 /* FaceDetectionService.swift */; };
		B10000000000000000000005 /* LightAnalysisService.swift in Sources */ = {isa = PBXBuildFile; fileRef = F10000000000000000000005 /* LightAnalysisService.swift */; };
		B10000000000000000000006 /* LumaCalculator.swift in Sources */ = {isa = PBXBuildFile; fileRef = F10000000000000000000006 /* LumaCalculator.swift */; };
		B10000000000000000000007 /* FrameAnalysisPipeline.swift in Sources */ = {isa = PBXBuildFile; fileRef = F10000000000000000000007 /* FrameAnalysisPipeline.swift */; };
		B10000000000000000000008 /* LightType.swift in Sources */ = {isa = PBXBuildFile; fileRef = F10000000000000000000008 /* LightType.swift */; };
		B10000000000000000000009 /* GirlfriendModeConfig.swift in Sources */ = {isa = PBXBuildFile; fileRef = F10000000000000000000009 /* GirlfriendModeConfig.swift */; };
		B10000000000000000000010 /* CameraScreen.swift in Sources */ = {isa = PBXBuildFile; fileRef = F10000000000000000000010 /* CameraScreen.swift */; };
		B10000000000000000000011 /* LightRadarView.swift in Sources */ = {isa = PBXBuildFile; fileRef = F10000000000000000000011 /* LightRadarView.swift */; };
		B10000000000000000000012 /* Assets.xcassets in Resources */ = {isa = PBXBuildFile; fileRef = F10000000000000000000012 /* Assets.xcassets */; };
/* End PBXBuildFile section */

/* Begin PBXFileReference section */
		E10000000000000000000001 /* GirlfriendCamera.app */ = {isa = PBXFileReference; explicitFileType = wrapper.application; includeInIndex = 0; path = GirlfriendCamera.app; sourceTree = BUILT_PRODUCTS_DIR; };
		F10000000000000000000001 /* GirlfriendCameraApp.swift */ = {isa = PBXFileReference; lastKnownFileType = sourcecode.swift; path = GirlfriendCameraApp.swift; sourceTree = "<group>"; };
		F10000000000000000000002 /* CameraController.swift */ = {isa = PBXFileReference; lastKnownFileType = sourcecode.swift; path = CameraController.swift; sourceTree = "<group>"; };
		F10000000000000000000003 /* CameraPreviewView.swift */ = {isa = PBXFileReference; lastKnownFileType = sourcecode.swift; path = CameraPreviewView.swift; sourceTree = "<group>"; };
		F10000000000000000000004 /* FaceDetectionService.swift */ = {isa = PBXFileReference; lastKnownFileType = sourcecode.swift; path = FaceDetectionService.swift; sourceTree = "<group>"; };
		F10000000000000000000005 /* LightAnalysisService.swift */ = {isa = PBXFileReference; lastKnownFileType = sourcecode.swift; path = LightAnalysisService.swift; sourceTree = "<group>"; };
		F10000000000000000000006 /* LumaCalculator.swift */ = {isa = PBXFileReference; lastKnownFileType = sourcecode.swift; path = LumaCalculator.swift; sourceTree = "<group>"; };
		F10000000000000000000007 /* FrameAnalysisPipeline.swift */ = {isa = PBXFileReference; lastKnownFileType = sourcecode.swift; path = FrameAnalysisPipeline.swift; sourceTree = "<group>"; };
		F10000000000000000000008 /* LightType.swift */ = {isa = PBXFileReference; lastKnownFileType = sourcecode.swift; path = LightType.swift; sourceTree = "<group>"; };
		F10000000000000000000009 /* GirlfriendModeConfig.swift */ = {isa = PBXFileReference; lastKnownFileType = sourcecode.swift; path = GirlfriendModeConfig.swift; sourceTree = "<group>"; };
		F10000000000000000000010 /* CameraScreen.swift */ = {isa = PBXFileReference; lastKnownFileType = sourcecode.swift; path = CameraScreen.swift; sourceTree = "<group>"; };
		F10000000000000000000011 /* LightRadarView.swift */ = {isa = PBXFileReference; lastKnownFileType = sourcecode.swift; path = LightRadarView.swift; sourceTree = "<group>"; };
		F10000000000000000000012 /* Assets.xcassets */ = {isa = PBXFileReference; lastKnownFileType = folder.assetcatalog; path = Assets.xcassets; sourceTree = "<group>"; };
		F10000000000000000000013 /* Info.plist */ = {isa = PBXFileReference; lastKnownFileType = text.plist.xml; path = Info.plist; sourceTree = "<group>"; };
/* End PBXFileReference section */

/* Begin PBXFrameworksBuildPhase section */
		C10000000000000000000003 /* Frameworks */ = {
			isa = PBXFrameworksBuildPhase;
			buildActionMask = 2147483647;
			files = (
			);
			runOnlyForDeploymentPostprocessing = 0;
		};
/* End PBXFrameworksBuildPhase section */

/* Begin PBXGroup section */
		G10000000000000000000001 = {
			isa = PBXGroup;
			children = (
				G10000000000000000000002 /* GirlfriendCamera */,
				G10000000000000000000003 /* Products */,
			);
			sourceTree = "<group>";
		};
		G10000000000000000000002 /* GirlfriendCamera */ = {
			isa = PBXGroup;
			children = (
				G10000000000000000000004 /* App */,
				G10000000000000000000005 /* Camera */,
				G10000000000000000000006 /* Vision */,
				G10000000000000000000007 /* Models */,
				G10000000000000000000008 /* UI */,
				F10000000000000000000012 /* Assets.xcassets */,
				F10000000000000000000013 /* Info.plist */,
			);
			path = GirlfriendCamera;
			sourceTree = "<group>";
		};
		G10000000000000000000003 /* Products */ = {
			isa = PBXGroup;
			children = (
				E10000000000000000000001 /* GirlfriendCamera.app */,
			);
			name = Products;
			sourceTree = "<group>";
		};
		G10000000000000000000004 /* App */ = {
			isa = PBXGroup;
			children = (
				F10000000000000000000001 /* GirlfriendCameraApp.swift */,
			);
			path = App;
			sourceTree = "<group>";
		};
		G10000000000000000000005 /* Camera */ = {
			isa = PBXGroup;
			children = (
				F10000000000000000000002 /* CameraController.swift */,
				F10000000000000000000003 /* CameraPreviewView.swift */,
			);
			path = Camera;
			sourceTree = "<group>";
		};
		G10000000000000000000006 /* Vision */ = {
			isa = PBXGroup;
			children = (
				F10000000000000000000004 /* FaceDetectionService.swift */,
				F10000000000000000000005 /* LightAnalysisService.swift */,
				F10000000000000000000006 /* LumaCalculator.swift */,
				F10000000000000000000007 /* FrameAnalysisPipeline.swift */,
			);
			path = Vision;
			sourceTree = "<group>";
		};
		G10000000000000000000007 /* Models */ = {
			isa = PBXGroup;
			children = (
				F10000000000000000000008 /* LightType.swift */,
				F10000000000000000000009 /* GirlfriendModeConfig.swift */,
			);
			path = Models;
			sourceTree = "<group>";
		};
		G10000000000000000000008 /* UI */ = {
			isa = PBXGroup;
			children = (
				F10000000000000000000010 /* CameraScreen.swift */,
				F10000000000000000000011 /* LightRadarView.swift */,
			);
			path = UI;
			sourceTree = "<group>";
		};
/* End PBXGroup section */

/* Begin PBXNativeTarget section */
		T10000000000000000000001 /* GirlfriendCamera */ = {
			isa = PBXNativeTarget;
			buildConfigurationList = D10000000000000000000003 /* Build configuration list for PBXNativeTarget "GirlfriendCamera" */;
			buildPhases = (
				C10000000000000000000001 /* Sources */,
				C10000000000000000000003 /* Frameworks */,
				C10000000000000000000002 /* Resources */,
			);
			buildRules = (
			);
			dependencies = (
			);
			name = GirlfriendCamera;
			productName = GirlfriendCamera;
			productReference = E10000000000000000000001 /* GirlfriendCamera.app */;
			productType = "com.apple.product-type.application";
		};
/* End PBXNativeTarget section */

/* Begin PBXProject section */
		P10000000000000000000001 /* Project object */ = {
			isa = PBXProject;
			attributes = {
				BuildIndependentTargetsInParallel = 1;
				LastSwiftUpdateCheck = 1500;
				LastUpgradeCheck = 1500;
				TargetAttributes = {
					T10000000000000000000001 = {
						CreatedOnToolsVersion = 15.0;
					};
				};
			};
			buildConfigurationList = D10000000000000000000001 /* Build configuration list for PBXProject "GirlfriendCamera" */;
			compatibilityVersion = "Xcode 14.0";
			developmentRegion = "zh-Hans";
			hasScannedForEncodings = 0;
			knownRegions = (
				en,
				Base,
				"zh-Hans",
			);
			mainGroup = G10000000000000000000001;
			productRefGroup = G10000000000000000000003 /* Products */;
			projectDirPath = "";
			projectRoot = "";
			targets = (
				T10000000000000000000001 /* GirlfriendCamera */,
			);
		};
/* End PBXProject section */

/* Begin PBXResourcesBuildPhase section */
		C10000000000000000000002 /* Resources */ = {
			isa = PBXResourcesBuildPhase;
			buildActionMask = 2147483647;
			files = (
				B10000000000000000000012 /* Assets.xcassets in Resources */,
			);
			runOnlyForDeploymentPostprocessing = 0;
		};
/* End PBXResourcesBuildPhase section */

/* Begin PBXSourcesBuildPhase section */
		C10000000000000000000001 /* Sources */ = {
			isa = PBXSourcesBuildPhase;
			buildActionMask = 2147483647;
			files = (
				B10000000000000000000001 /* GirlfriendCameraApp.swift in Sources */,
				B10000000000000000000002 /* CameraController.swift in Sources */,
				B10000000000000000000003 /* CameraPreviewView.swift in Sources */,
				B10000000000000000000004 /* FaceDetectionService.swift in Sources */,
				B10000000000000000000005 /* LightAnalysisService.swift in Sources */,
				B10000000000000000000006 /* LumaCalculator.swift in Sources */,
				B10000000000000000000007 /* FrameAnalysisPipeline.swift in Sources */,
				B10000000000000000000008 /* LightType.swift in Sources */,
				B10000000000000000000009 /* GirlfriendModeConfig.swift in Sources */,
				B10000000000000000000010 /* CameraScreen.swift in Sources */,
				B10000000000000000000011 /* LightRadarView.swift in Sources */,
			);
			runOnlyForDeploymentPostprocessing = 0;
		};
/* End PBXSourcesBuildPhase section */

/* Begin XCBuildConfiguration section */
		X10000000000000000000001 /* Debug */ = {
			isa = XCBuildConfiguration;
			buildSettings = {
				ALWAYS_SEARCH_USER_PATHS = NO;
				ASSETCATALOG_COMPILER_GENERATE_SWIFT_ASSET_SYMBOL_EXTENSIONS = YES;
				CLANG_ANALYZER_NONNULL = YES;
				CLANG_ANALYZER_NUMBER_OBJECT_CONVERSION = YES_AGGRESSIVE;
				CLANG_CXX_LANGUAGE_STANDARD = "gnu++20";
				CLANG_ENABLE_MODULES = YES;
				CLANG_ENABLE_OBJC_ARC = YES;
				CLANG_ENABLE_OBJC_WEAK = YES;
				CLANG_WARN_BLOCK_CAPTURE_AUTORELEASING = YES;
				CLANG_WARN_BOOL_CONVERSION = YES;
				CLANG_WARN_COMMA = YES;
				CLANG_WARN_CONSTANT_CONVERSION = YES;
				CLANG_WARN_DEPRECATED_OBJC_IMPLEMENTATIONS = YES;
				CLANG_WARN_DIRECT_OBJC_ISA_USAGE = YES_ERROR;
				CLANG_WARN_DOCUMENTATION_COMMENTS = YES;
				CLANG_WARN_EMPTY_BODY = YES;
				CLANG_WARN_ENUM_CONVERSION = YES;
				CLANG_WARN_INFINITE_RECURSION = YES;
				CLANG_WARN_INT_CONVERSION = YES;
				CLANG_WARN_NON_LITERAL_NULL_CONVERSION = YES;
				CLANG_WARN_OBJC_IMPLICIT_RETAIN_SELF = YES;
				CLANG_WARN_OBJC_LITERAL_CONVERSION = YES;
				CLANG_WARN_OBJC_ROOT_CLASS = YES_ERROR;
				CLANG_WARN_QUOTED_INCLUDE_IN_FRAMEWORK_HEADER = YES;
				CLANG_WARN_RANGE_LOOP_ANALYSIS = YES;
				CLANG_WARN_STRICT_PROTOTYPES = YES;
				CLANG_WARN_SUSPICIOUS_MOVE = YES;
				CLANG_WARN_UNGUARDED_AVAILABILITY = YES_AGGRESSIVE;
				CLANG_WARN_UNREACHABLE_CODE = YES;
				CLANG_WARN__DUPLICATE_METHOD_MATCH = YES;
				COPY_PHASE_STRIP = NO;
				DEBUG_INFORMATION_FORMAT = dwarf;
				ENABLE_STRICT_OBJC_MSGSEND = YES;
				ENABLE_TESTABILITY = YES;
				ENABLE_USER_SCRIPT_SANDBOXING = YES;
				GCC_C_LANGUAGE_STANDARD = gnu17;
				GCC_DYNAMIC_NO_PIC = NO;
				GCC_NO_COMMON_BLOCKS = YES;
				GCC_OPTIMIZATION_LEVEL = 0;
				GCC_PREPROCESSOR_DEFINITIONS = (
					"DEBUG=1",
					"$(inherited)",
				);
				GCC_WARN_64_TO_32_BIT_CONVERSION = YES;
				GCC_WARN_ABOUT_RETURN_TYPE = YES_ERROR;
				GCC_WARN_UNDECLARED_SELECTOR = YES;
				GCC_WARN_UNINITIALIZED_AUTOS = YES_AGGRESSIVE;
				GCC_WARN_UNUSED_FUNCTION = YES;
				GCC_WARN_UNUSED_VARIABLE = YES;
				IPHONEOS_DEPLOYMENT_TARGET = 16.0;
				LOCALIZATION_PREFERS_STRING_CATALOGS = YES;
				MTL_ENABLE_DEBUG_INFO = INCLUDE_SOURCE;
				MTL_FAST_MATH = YES;
				ONLY_ACTIVE_ARCH = YES;
				SDKROOT = iphoneos;
				SWIFT_ACTIVE_COMPILATION_CONDITIONS = "DEBUG $(inherited)";
				SWIFT_OPTIMIZATION_LEVEL = "-Onone";
			};
			name = Debug;
		};
		X10000000000000000000002 /* Release */ = {
			isa = XCBuildConfiguration;
			buildSettings = {
				ALWAYS_SEARCH_USER_PATHS = NO;
				ASSETCATALOG_COMPILER_GENERATE_SWIFT_ASSET_SYMBOL_EXTENSIONS = YES;
				CLANG_ANALYZER_NONNULL = YES;
				CLANG_ANALYZER_NUMBER_OBJECT_CONVERSION = YES_AGGRESSIVE;
				CLANG_CXX_LANGUAGE_STANDARD = "gnu++20";
				CLANG_ENABLE_MODULES = YES;
				CLANG_ENABLE_OBJC_ARC = YES;
				CLANG_ENABLE_OBJC_WEAK = YES;
				CLANG_WARN_BLOCK_CAPTURE_AUTORELEASING = YES;
				CLANG_WARN_BOOL_CONVERSION = YES;
				CLANG_WARN_COMMA = YES;
				CLANG_WARN_CONSTANT_CONVERSION = YES;
				CLANG_WARN_DEPRECATED_OBJC_IMPLEMENTATIONS = YES;
				CLANG_WARN_DIRECT_OBJC_ISA_USAGE = YES_ERROR;
				CLANG_WARN_DOCUMENTATION_COMMENTS = YES;
				CLANG_WARN_EMPTY_BODY = YES;
				CLANG_WARN_ENUM_CONVERSION = YES;
				CLANG_WARN_INFINITE_RECURSION = YES;
				CLANG_WARN_INT_CONVERSION = YES;
				CLANG_WARN_NON_LITERAL_NULL_CONVERSION = YES;
				CLANG_WARN_OBJC_IMPLICIT_RETAIN_SELF = YES;
				CLANG_WARN_OBJC_LITERAL_CONVERSION = YES;
				CLANG_WARN_OBJC_ROOT_CLASS = YES_ERROR;
				CLANG_WARN_QUOTED_INCLUDE_IN_FRAMEWORK_HEADER = YES;
				CLANG_WARN_RANGE_LOOP_ANALYSIS = YES;
				CLANG_WARN_STRICT_PROTOTYPES = YES;
				CLANG_WARN_SUSPICIOUS_MOVE = YES;
				CLANG_WARN_UNGUARDED_AVAILABILITY = YES_AGGRESSIVE;
				CLANG_WARN_UNREACHABLE_CODE = YES;
				CLANG_WARN__DUPLICATE_METHOD_MATCH = YES;
				COPY_PHASE_STRIP = NO;
				DEBUG_INFORMATION_FORMAT = "dwarf-with-dsym";
				ENABLE_NS_ASSERTIONS = NO;
				ENABLE_STRICT_OBJC_MSGSEND = YES;
				ENABLE_USER_SCRIPT_SANDBOXING = YES;
				GCC_C_LANGUAGE_STANDARD = gnu17;
				GCC_NO_COMMON_BLOCKS = YES;
				GCC_WARN_64_TO_32_BIT_CONVERSION = YES;
				GCC_WARN_ABOUT_RETURN_TYPE = YES_ERROR;
				GCC_WARN_UNDECLARED_SELECTOR = YES;
				GCC_WARN_UNINITIALIZED_AUTOS = YES_AGGRESSIVE;
				GCC_WARN_UNUSED_FUNCTION = YES;
				GCC_WARN_UNUSED_VARIABLE = YES;
				IPHONEOS_DEPLOYMENT_TARGET = 16.0;
				LOCALIZATION_PREFERS_STRING_CATALOGS = YES;
				MTL_ENABLE_DEBUG_INFO = NO;
				MTL_FAST_MATH = YES;
				SDKROOT = iphoneos;
				SWIFT_COMPILATION_MODE = wholemodule;
				VALIDATE_PRODUCT = YES;
			};
			name = Release;
		};
		X10000000000000000000003 /* Debug */ = {
			isa = XCBuildConfiguration;
			buildSettings = {
				ASSETCATALOG_COMPILER_APPICON_NAME = AppIcon;
				ASSETCATALOG_COMPILER_GLOBAL_ACCENT_COLOR_NAME = AccentColor;
				CODE_SIGN_STYLE = Automatic;
				CURRENT_PROJECT_VERSION = 1;
				DEVELOPMENT_TEAM = 5BGB98R82B;
				ENABLE_PREVIEWS = YES;
				GENERATE_INFOPLIST_FILE = NO;
				INFOPLIST_FILE = GirlfriendCamera/Info.plist;
				INFOPLIST_KEY_UIApplicationSupportsIndirectInputEvents = YES;
				INFOPLIST_KEY_UILaunchScreen_Generation = YES;
				INFOPLIST_KEY_UISupportedInterfaceOrientations = UIInterfaceOrientationPortrait;
				LD_RUNPATH_SEARCH_PATHS = (
					"$(inherited)",
					"@executable_path/Frameworks",
				);
				MARKETING_VERSION = 0.1.0;
				PRODUCT_BUNDLE_IDENTIFIER = com.myproduct.GirlfriendCamera;
				PRODUCT_NAME = "$(TARGET_NAME)";
				SWIFT_EMIT_LOC_STRINGS = YES;
				SWIFT_VERSION = 5.0;
				TARGETED_DEVICE_FAMILY = "1,2";
			};
			name = Debug;
		};
		X10000000000000000000004 /* Release */ = {
			isa = XCBuildConfiguration;
			buildSettings = {
				ASSETCATALOG_COMPILER_APPICON_NAME = AppIcon;
				ASSETCATALOG_COMPILER_GLOBAL_ACCENT_COLOR_NAME = AccentColor;
				CODE_SIGN_STYLE = Automatic;
				CURRENT_PROJECT_VERSION = 1;
				DEVELOPMENT_TEAM = 5BGB98R82B;
				ENABLE_PREVIEWS = YES;
				GENERATE_INFOPLIST_FILE = NO;
				INFOPLIST_FILE = GirlfriendCamera/Info.plist;
				INFOPLIST_KEY_UIApplicationSupportsIndirectInputEvents = YES;
				INFOPLIST_KEY_UILaunchScreen_Generation = YES;
				INFOPLIST_KEY_UISupportedInterfaceOrientations = UIInterfaceOrientationPortrait;
				LD_RUNPATH_SEARCH_PATHS = (
					"$(inherited)",
					"@executable_path/Frameworks",
				);
				MARKETING_VERSION = 0.1.0;
				PRODUCT_BUNDLE_IDENTIFIER = com.myproduct.GirlfriendCamera;
				PRODUCT_NAME = "$(TARGET_NAME)";
				SWIFT_EMIT_LOC_STRINGS = YES;
				SWIFT_VERSION = 5.0;
				TARGETED_DEVICE_FAMILY = "1,2";
			};
			name = Release;
		};
/* End XCBuildConfiguration section */

/* Begin XCConfigurationList section */
		D10000000000000000000001 /* Build configuration list for PBXProject "GirlfriendCamera" */ = {
			isa = XCConfigurationList;
			buildConfigurations = (
				X10000000000000000000001 /* Debug */,
				X10000000000000000000002 /* Release */,
			);
			defaultConfigurationIsVisible = 0;
			defaultConfigurationName = Release;
		};
		D10000000000000000000003 /* Build configuration list for PBXNativeTarget "GirlfriendCamera" */ = {
			isa = XCConfigurationList;
			buildConfigurations = (
				X10000000000000000000003 /* Debug */,
				X10000000000000000000004 /* Release */,
			);
			defaultConfigurationIsVisible = 0;
			defaultConfigurationName = Release;
		};
/* End XCConfigurationList section */
	};
	rootObject = P10000000000000000000001 /* Project object */;
}
